
Microsoft Visual Studio Solution File, Format Version 12.00
# Visual Studio 14
VisualStudioVersion = 14.0.25420.1
MinimumVisualStudioVersion = 10.0.40219.1
Project("{FAE04EC0-301F-11D3-BF4B-00C04F79EFBC}") = "01. Extract Emails", "01. Extract Emails\01. Extract Emails.csproj", "{8BE454FE-7DC0-4934-8C7C-A255224AAE41}"
EndProject
Project("{FAE04EC0-301F-11D3-BF4B-00C04F79EFBC}") = "02. Extract Senten by Key", "02. Extract Senten by Key\02. Extract Senten by Key.csproj", "{C53CD8A7-F7D4-497D-9481-D4109A50095B}"
EndProject
Project("{FAE04EC0-301F-11D3-BF4B-00C04F79EFBC}") = "03. Camera View", "03. Camera View\03. Camera View.csproj", "{14E385BE-A00F-4591-A767-A052AB45F25B}"
EndProject
Project("{FAE04EC0-301F-11D3-BF4B-00C04F79EFBC}") = "04. Weather", "04. Weather\04. Weather.csproj", "{42BFBD94-9244-4FF1-9D5C-8B8559EB7BE4}"
EndProject
Project("{FAE04EC0-301F-11D3-BF4B-00C04F79EFBC}") = "05. Key Replacer", "05. Key Replacer\05. Key Replacer.csproj", "{3A6EBB3E-B990-42ED-B6AB-EEAA1E7E9DEF}"
EndProject
Project("{FAE04EC0-301F-11D3-BF4B-00C04F79EFBC}") = "06. Valid Usernames", "06. Valid Usernames\06. Valid Usernames.csproj", "{F2F856E6-7096-4901-9292-F9E72A3B1F16}"
EndProject
Project("{FAE04EC0-301F-11D3-BF4B-00C04F79EFBC}") = "07. Query Mess", "07. Query Mess\07. Query Mess.csproj", "{02F45FA6-B75C-4308-AA89-C0EB7D7AC8BF}"
EndProject
Project("{FAE04EC0-301F-11D3-BF4B-00C04F79EFBC}") = "08. Use Your Chains, Budd", "08. Use Your Chains, Budd\08. Use Your Chains, Budd.csproj", "{3F90A60B-6550-4DC3-9DF2-E1037FE45B16}"
EndProject
Global
	GlobalSection(SolutionConfigurationPlatforms) = preSolution
		Debug|Any CPU = Debug|Any CPU
		Release|Any CPU = Release|Any CPU
	EndGlobalSection
	GlobalSection(ProjectConfigurationPlatforms) = postSolution
		{8BE454FE-7DC0-4934-8C7C-A255224AAE41}.Debug|Any CPU.ActiveCfg = Debug|Any CPU
		{8BE454FE-7DC0-4934-8C7C-A255224AAE41}.Debug|Any CPU.Build.0 = Debug|Any CPU
		{8BE454FE-7DC0-4934-8C7C-A255224AAE41}.Release|Any CPU.ActiveCfg = Release|Any CPU
		{8BE454FE-7DC0-4934-8C7C-A255224AAE41}.Release|Any CPU.Build.0 = Release|Any CPU
		{C53CD8A7-F7D4-497D-9481-D4109A50095B}.Debug|Any CPU.ActiveCfg = Debug|Any CPU
		{C53CD8A7-F7D4-497D-9481-D4109A50095B}.Debug|Any CPU.Build.0 = Debug|Any CPU
		{C53CD8A7-F7D4-497D-9481-D4109A50095B}.Release|Any CPU.ActiveCfg = Release|Any CPU
		{C53CD8A7-F7D4-497D-9481-D4109A50095B}.Release|Any CPU.Build.0 = Release|Any CPU
		{14E385BE-A00F-4591-A767-A052AB45F25B}.Debug|Any CPU.ActiveCfg = Debug|Any CPU
		{14E385BE-A00F-4591-A767-A052AB45F25B}.Debug|Any CPU.Build.0 = Debug|Any CPU
		{14E385BE-A00F-4591-A767-A052AB45F25B}.Release|Any CPU.ActiveCfg = Release|Any CPU
		{14E385BE-A00F-4591-A767-A052AB45F25B}.Release|Any CPU.Build.0 = Release|Any CPU
		{42BFBD94-9244-4FF1-9D5C-8B8559EB7BE4}.Debug|Any CPU.ActiveCfg = Debug|Any CPU
		{42BFBD94-9244-4FF1-9D5C-8B8559EB7BE4}.Debug|Any CPU.Build.0 = Debug|Any CPU
		{42BFBD94-9244-4FF1-9D5C-8B8559EB7BE4}.Release|Any CPU.ActiveCfg = Release|Any CPU
		{42BFBD94-9244-4FF1-9D5C-8B8559EB7BE4}.Release|Any CPU.Build.0 = Release|Any CPU
		{3A6EBB3E-B990-42ED-B6AB-EEAA1E7E9DEF}.Debug|Any CPU.ActiveCfg = Debug|Any CPU
		{3A6EBB3E-B990-42ED-B6AB-EEAA1E7E9DEF}.Debug|Any CPU.Build.0 = Debug|Any CPU
		{3A6EBB3E-B990-42ED-B6AB-EEAA1E7E9DEF}.Release|Any CPU.ActiveCfg = Release|Any CPU
		{3A6EBB3E-B990-42ED-B6AB-EEAA1E7E9DEF}.Release|Any CPU.Build.0 = Release|Any CPU
		{F2F856E6-7096-4901-9292-F9E72A3B1F16}.Debug|Any CPU.ActiveCfg = Debug|Any CPU
		{F2F856E6-7096-4901-9292-F9E72A3B1F16}.Debug|Any CPU.Build.0 = Debug|Any CPU
		{F2F856E6-7096-4901-9292-F9E72A3B1F16}.Release|Any CPU.ActiveCfg = Release|Any CPU
		{F2F856E6-7096-4901-9292-F9E72A3B1F16}.Release|Any CPU.Build.0 = Release|Any CPU
		{02F45FA6-B75C-4308-AA89-C0EB7D7AC8BF}.Debug|Any CPU.ActiveCfg = Debug|Any CPU
		{02F45FA6-B75C-4308-AA89-C0EB7D7AC8BF}.Debug|Any CPU.Build.0 = Debug|Any CPU
		{02F45FA6-B75C-4308-AA89-C0EB7D7AC8BF}.Release|Any CPU.ActiveCfg = Release|Any CPU
		{02F45FA6-B75C-4308-AA89-C0EB7D7AC8BF}.Release|Any CPU.Build.0 = Release|Any CPU
		{3F90A60B-6550-4DC3-9DF2-E1037FE45B16}.Debug|Any CPU.ActiveCfg = Debug|Any CPU
		{3F90A60B-6550-4DC3-9DF2-E1037FE45B16}.Debug|Any CPU.Build.0 = Debug|Any CPU
		{3F90A60B-6550-4DC3-9DF2-E1037FE45B16}.Release|Any CPU.ActiveCfg = Release|Any CPU
		{3F90A60B-6550-4DC3-9DF2-E1037FE45B16}.Release|Any CPU.Build.0 = Release|Any CPU
	EndGlobalSection
	GlobalSection(SolutionProperties) = preSolution
		HideSolutionNode = FALSE
	EndGlobalSection
EndGlobal
