
Microsoft Visual Studio Solution File, Format Version 12.00
# Visual Studio 14
VisualStudioVersion = 14.0.25420.1
MinimumVisualStudioVersion = 10.0.40219.1
Project("{2150E333-8FDC-42A3-9474-1A3956D46DE8}") = "I. Declaring and Invoking Methods", "I. Declaring and Invoking Methods", "{1DCC6793-D5AB-4A8F-AFF8-6187D3FD3ADB}"
EndProject
Project("{FAE04EC0-301F-11D3-BF4B-00C04F79EFBC}") = "01. Blank Receipt", "1. Blank Receipt\01. Blank Receipt.csproj", "{E0453B33-0DCD-48E0-832C-44189D88A975}"
EndProject
Project("{FAE04EC0-301F-11D3-BF4B-00C04F79EFBC}") = "02. Sign of Integer Numb", "02. Sign of Integer Numb\02. Sign of Integer Numb.csproj", "{68FFE02E-741C-447E-A83E-AB942FA5E532}"
EndProject
Project("{FAE04EC0-301F-11D3-BF4B-00C04F79EFBC}") = "03. Printing Triangle", "03. Printing Triangle\03. Printing Triangle.csproj", "{53612710-8211-4929-850D-C18AA0B61EAF}"
EndProject
Project("{FAE04EC0-301F-11D3-BF4B-00C04F79EFBC}") = "04. Draw a Filled Square", "04. Draw a Filled Square\04. Draw a Filled Square.csproj", "{D7BFEFB3-6BEB-4256-ABC5-68D5A01A0723}"
EndProject
Project("{2150E333-8FDC-42A3-9474-1A3956D46DE8}") = "II. Returning Values and Overloading", "II. Returning Values and Overloading", "{6AC4BE97-53CE-487D-81FF-995C726700E2}"
EndProject
Project("{FAE04EC0-301F-11D3-BF4B-00C04F79EFBC}") = "05. Temperature Conv", "05. Temperature Conv\05. Temperature Conv.csproj", "{07F5808C-5A05-4DE8-8150-2C4318162AFC}"
EndProject
Project("{FAE04EC0-301F-11D3-BF4B-00C04F79EFBC}") = "06. Calculate Trian Area", "06. Calculate Trian Area\06. Calculate Trian Area.csproj", "{B89647E6-D935-43DE-ACC8-E2C2C8301538}"
EndProject
Project("{FAE04EC0-301F-11D3-BF4B-00C04F79EFBC}") = "07. Math Power", "07. Math Power\07. Math Power.csproj", "{128954EB-F31C-4C31-B123-929A58C5A744}"
EndProject
Project("{FAE04EC0-301F-11D3-BF4B-00C04F79EFBC}") = "08. Greater of Two Value", "08. Greater of Two Value\08. Greater of Two Value.csproj", "{829908FF-E6B5-433F-AE17-8F9AF8ED219D}"
EndProject
Project("{2150E333-8FDC-42A3-9474-1A3956D46DE8}") = "III. Debugging and Program Flow", "III. Debugging and Program Flow", "{2A8FC7F5-7887-47F5-87BE-485BD6CCDDEE}"
EndProject
Project("{FAE04EC0-301F-11D3-BF4B-00C04F79EFBC}") = "09. Multiply Even by Odd", "09. Multiply Even by Odd\09. Multiply Even by Odd.csproj", "{A402A9EE-CD2E-46F5-98A9-F01C6DD66EC9}"
EndProject
Project("{FAE04EC0-301F-11D3-BF4B-00C04F79EFBC}") = "10.Deb the Code", "10.Deb the Code\10.Deb the Code.csproj", "{F042EE29-58A3-420E-BEB1-5E56F94CE92D}"
EndProject
Project("{FAE04EC0-301F-11D3-BF4B-00C04F79EFBC}") = "11. Price Change Alert", "11. Price Change Alert\11. Price Change Alert.csproj", "{C3BEE06D-246F-4ADC-8DF8-35465C4F3560}"
EndProject
Global
	GlobalSection(SolutionConfigurationPlatforms) = preSolution
		Debug|Any CPU = Debug|Any CPU
		Release|Any CPU = Release|Any CPU
	EndGlobalSection
	GlobalSection(ProjectConfigurationPlatforms) = postSolution
		{E0453B33-0DCD-48E0-832C-44189D88A975}.Debug|Any CPU.ActiveCfg = Debug|Any CPU
		{E0453B33-0DCD-48E0-832C-44189D88A975}.Debug|Any CPU.Build.0 = Debug|Any CPU
		{E0453B33-0DCD-48E0-832C-44189D88A975}.Release|Any CPU.ActiveCfg = Release|Any CPU
		{E0453B33-0DCD-48E0-832C-44189D88A975}.Release|Any CPU.Build.0 = Release|Any CPU
		{68FFE02E-741C-447E-A83E-AB942FA5E532}.Debug|Any CPU.ActiveCfg = Debug|Any CPU
		{68FFE02E-741C-447E-A83E-AB942FA5E532}.Debug|Any CPU.Build.0 = Debug|Any CPU
		{68FFE02E-741C-447E-A83E-AB942FA5E532}.Release|Any CPU.ActiveCfg = Release|Any CPU
		{68FFE02E-741C-447E-A83E-AB942FA5E532}.Release|Any CPU.Build.0 = Release|Any CPU
		{53612710-8211-4929-850D-C18AA0B61EAF}.Debug|Any CPU.ActiveCfg = Debug|Any CPU
		{53612710-8211-4929-850D-C18AA0B61EAF}.Debug|Any CPU.Build.0 = Debug|Any CPU
		{53612710-8211-4929-850D-C18AA0B61EAF}.Release|Any CPU.ActiveCfg = Release|Any CPU
		{53612710-8211-4929-850D-C18AA0B61EAF}.Release|Any CPU.Build.0 = Release|Any CPU
		{D7BFEFB3-6BEB-4256-ABC5-68D5A01A0723}.Debug|Any CPU.ActiveCfg = Debug|Any CPU
		{D7BFEFB3-6BEB-4256-ABC5-68D5A01A0723}.Debug|Any CPU.Build.0 = Debug|Any CPU
		{D7BFEFB3-6BEB-4256-ABC5-68D5A01A0723}.Release|Any CPU.ActiveCfg = Release|Any CPU
		{D7BFEFB3-6BEB-4256-ABC5-68D5A01A0723}.Release|Any CPU.Build.0 = Release|Any CPU
		{07F5808C-5A05-4DE8-8150-2C4318162AFC}.Debug|Any CPU.ActiveCfg = Debug|Any CPU
		{07F5808C-5A05-4DE8-8150-2C4318162AFC}.Debug|Any CPU.Build.0 = Debug|Any CPU
		{07F5808C-5A05-4DE8-8150-2C4318162AFC}.Release|Any CPU.ActiveCfg = Release|Any CPU
		{07F5808C-5A05-4DE8-8150-2C4318162AFC}.Release|Any CPU.Build.0 = Release|Any CPU
		{B89647E6-D935-43DE-ACC8-E2C2C8301538}.Debug|Any CPU.ActiveCfg = Debug|Any CPU
		{B89647E6-D935-43DE-ACC8-E2C2C8301538}.Debug|Any CPU.Build.0 = Debug|Any CPU
		{B89647E6-D935-43DE-ACC8-E2C2C8301538}.Release|Any CPU.ActiveCfg = Release|Any CPU
		{B89647E6-D935-43DE-ACC8-E2C2C8301538}.Release|Any CPU.Build.0 = Release|Any CPU
		{128954EB-F31C-4C31-B123-929A58C5A744}.Debug|Any CPU.ActiveCfg = Debug|Any CPU
		{128954EB-F31C-4C31-B123-929A58C5A744}.Debug|Any CPU.Build.0 = Debug|Any CPU
		{128954EB-F31C-4C31-B123-929A58C5A744}.Release|Any CPU.ActiveCfg = Release|Any CPU
		{128954EB-F31C-4C31-B123-929A58C5A744}.Release|Any CPU.Build.0 = Release|Any CPU
		{829908FF-E6B5-433F-AE17-8F9AF8ED219D}.Debug|Any CPU.ActiveCfg = Debug|Any CPU
		{829908FF-E6B5-433F-AE17-8F9AF8ED219D}.Debug|Any CPU.Build.0 = Debug|Any CPU
		{829908FF-E6B5-433F-AE17-8F9AF8ED219D}.Release|Any CPU.ActiveCfg = Release|Any CPU
		{829908FF-E6B5-433F-AE17-8F9AF8ED219D}.Release|Any CPU.Build.0 = Release|Any CPU
		{A402A9EE-CD2E-46F5-98A9-F01C6DD66EC9}.Debug|Any CPU.ActiveCfg = Debug|Any CPU
		{A402A9EE-CD2E-46F5-98A9-F01C6DD66EC9}.Debug|Any CPU.Build.0 = Debug|Any CPU
		{A402A9EE-CD2E-46F5-98A9-F01C6DD66EC9}.Release|Any CPU.ActiveCfg = Release|Any CPU
		{A402A9EE-CD2E-46F5-98A9-F01C6DD66EC9}.Release|Any CPU.Build.0 = Release|Any CPU
		{F042EE29-58A3-420E-BEB1-5E56F94CE92D}.Debug|Any CPU.ActiveCfg = Debug|Any CPU
		{F042EE29-58A3-420E-BEB1-5E56F94CE92D}.Debug|Any CPU.Build.0 = Debug|Any CPU
		{F042EE29-58A3-420E-BEB1-5E56F94CE92D}.Release|Any CPU.ActiveCfg = Release|Any CPU
		{F042EE29-58A3-420E-BEB1-5E56F94CE92D}.Release|Any CPU.Build.0 = Release|Any CPU
		{C3BEE06D-246F-4ADC-8DF8-35465C4F3560}.Debug|Any CPU.ActiveCfg = Debug|Any CPU
		{C3BEE06D-246F-4ADC-8DF8-35465C4F3560}.Debug|Any CPU.Build.0 = Debug|Any CPU
		{C3BEE06D-246F-4ADC-8DF8-35465C4F3560}.Release|Any CPU.ActiveCfg = Release|Any CPU
		{C3BEE06D-246F-4ADC-8DF8-35465C4F3560}.Release|Any CPU.Build.0 = Release|Any CPU
	EndGlobalSection
	GlobalSection(SolutionProperties) = preSolution
		HideSolutionNode = FALSE
	EndGlobalSection
	GlobalSection(NestedProjects) = preSolution
		{E0453B33-0DCD-48E0-832C-44189D88A975} = {1DCC6793-D5AB-4A8F-AFF8-6187D3FD3ADB}
		{68FFE02E-741C-447E-A83E-AB942FA5E532} = {1DCC6793-D5AB-4A8F-AFF8-6187D3FD3ADB}
		{53612710-8211-4929-850D-C18AA0B61EAF} = {1DCC6793-D5AB-4A8F-AFF8-6187D3FD3ADB}
		{D7BFEFB3-6BEB-4256-ABC5-68D5A01A0723} = {1DCC6793-D5AB-4A8F-AFF8-6187D3FD3ADB}
		{07F5808C-5A05-4DE8-8150-2C4318162AFC} = {6AC4BE97-53CE-487D-81FF-995C726700E2}
		{B89647E6-D935-43DE-ACC8-E2C2C8301538} = {6AC4BE97-53CE-487D-81FF-995C726700E2}
		{128954EB-F31C-4C31-B123-929A58C5A744} = {6AC4BE97-53CE-487D-81FF-995C726700E2}
		{829908FF-E6B5-433F-AE17-8F9AF8ED219D} = {6AC4BE97-53CE-487D-81FF-995C726700E2}
		{A402A9EE-CD2E-46F5-98A9-F01C6DD66EC9} = {2A8FC7F5-7887-47F5-87BE-485BD6CCDDEE}
		{F042EE29-58A3-420E-BEB1-5E56F94CE92D} = {2A8FC7F5-7887-47F5-87BE-485BD6CCDDEE}
		{C3BEE06D-246F-4ADC-8DF8-35465C4F3560} = {2A8FC7F5-7887-47F5-87BE-485BD6CCDDEE}
	EndGlobalSection
EndGlobal
